{
  "name": "pricemodifier",
  "version": "1.0.0",
  "lockfileVersion": 1,
  "requires": true,
  "dependencies": {
    "chartist": {
      "version": "0.11.4",
      "resolved": "https://registry.npmjs.org/chartist/-/chartist-0.11.4.tgz",
      "integrity": "sha512-H4AimxaUD738/u9Mq8t27J4lh6STsLi4BQHt65nOtpLk3xyrBPaLiLMrHw7/WV9CmsjGA02WihjuL5qpSagLYw=="
    },
    "chartist-plugin-tooltip": {
      "version": "0.0.11",
      "resolved": "https://registry.npmjs.org/chartist-plugin-tooltip/-/chartist-plugin-tooltip-0.0.11.tgz",
      "integrity": "sha512-lA3+UnGqvbE3vYcMEmarO2eAUdUvgpeXv2Xk+pqv3TxxVGo1yMade4vRtvaO8qdiKWrhpCmj4yuDIgveEoMyzQ=="
    },
    "chartist-plugin-tooltips-updated": {
      "version": "0.1.4",
      "resolved": "https://registry.npmjs.org/chartist-plugin-tooltips-updated/-/chartist-plugin-tooltips-updated-0.1.4.tgz",
      "integrity": "sha512-fp03cd49Z73nmphxyzm6zEm1o8hSJMUeKz9/xphRu943rcphFXUJZIlHs09SpetUnB+ebsvOl9IE69mdbJNb7w==",
      "requires": {
        "chartist": "0.11.4",
        "lodash": "~4.17.19"
      }
    },
    "datatables.net": {
      "version": "1.12.1",
      "resolved": "https://registry.npmjs.org/datatables.net/-/datatables.net-1.12.1.tgz",
      "integrity": "sha512-e6XAMUoV41JdQPS/r9YRfRcmTPcCVvyZbWI+xog1Zg+kjVliMQbEkvWK5XFItmi64Cvwg+IqsZbTUJ1KSY3umA==",
      "requires": {
        "jquery": ">=1.7"
      }
    },
    "datatables.net-dt": {
      "version": "1.12.1",
      "resolved": "https://registry.npmjs.org/datatables.net-dt/-/datatables.net-dt-1.12.1.tgz",
      "integrity": "sha512-HYsHbSYqOqlgsgjKMH/kkCB5455t51GmmtXRxgnDMRbjPLEIKo5CZmAlUe5mdD/RVPRtAUaj5K3SDlkEZ1bUmw==",
      "requires": {
        "datatables.net": ">=1.11.3",
        "jquery": ">=1.7"
      }
    },
    "jquery": {
      "version": "3.6.1",
      "resolved": "https://registry.npmjs.org/jquery/-/jquery-3.6.1.tgz",
      "integrity": "sha512-opJeO4nCucVnsjiXOE+/PcCgYw9Gwpvs/a6B1LL/lQhwWwpbVEVYDZ1FokFr8PRc7ghYlrFPuyHuiiDNTQxmcw=="
    },
    "lodash": {
      "version": "4.17.21",
      "resolved": "https://registry.npmjs.org/lodash/-/lodash-4.17.21.tgz",
      "integrity": "sha512-v2kDEe57lecTulaDIuNTPy3Ry4gLGJ6Z1O3vE1krgXZNrsQ+LFTGHVxVjcXPs17LhbZVGedAJv8XZ1tvj5FvSg=="
    }
  }
}
