{
  "name": "pricemodifier",
  "version": "1.0.0",
  "lockfileVersion": 1,
  "requires": true,
  "dependencies": {
    "chartist": {
      "version": "0.11.4",
      "resolved": "https://registry.npmjs.org/chartist/-/chartist-0.11.4.tgz",
      "integrity": "sha512-H4AimxaUD738/u9Mq8t27J4lh6STsLi4BQHt65nOtpLk3xyrBPaLiLMrHw7/WV9CmsjGA02WihjuL5qpSagLYw=="
    },
    "chartist-plugin-tooltip": {
      "version": "0.0.11",
      "resolved": "https://registry.npmjs.org/chartist-plugin-tooltip/-/chartist-plugin-tooltip-0.0.11.tgz",
      "integrity": "sha512-lA3+UnGqvbE3vYcMEmarO2eAUdUvgpeXv2Xk+pqv3TxxVGo1yMade4vRtvaO8qdiKWrhpCmj4yuDIgveEoMyzQ=="
    },
    "chartist-plugin-tooltips-updated": {
      "version": "0.1.4",
      "resolved": "https://registry.npmjs.org/chartist-plugin-tooltips-updated/-/chartist-plugin-tooltips-updated-0.1.4.tgz",
      "integrity": "sha512-fp03cd49Z73nmphxyzm6zEm1o8hSJMUeKz9/xphRu943rcphFXUJZIlHs09SpetUnB+ebsvOl9IE69mdbJNb7w==",
      "requires": {
        "chartist": "0.11.4",
        "lodash": "~4.17.19"
      }
    },
    "datatables.net": {
      "version": "1.12.1",
      "resolved": "https://registry.npmjs.org/datatables.net/-/datatables.net-1.12.1.tgz",
      "integrity": "sha512-e6XAMUoV41JdQPS/r9YRfRcmTPcCVvyZbWI+xog1Zg+kjVliMQbEkvWK5XFItmi64Cvwg+IqsZbTUJ1KSY3umA==",
      "requires": {
        "jquery": ">=1.7"
      }
    },
    "datatables.net-bs4": {
      "version": "1.13.7",
      "resolved": "https://registry.npmjs.org/datatables.net-bs4/-/datatables.net-bs4-1.13.7.tgz",
      "integrity": "sha512-fQSslkYhGZ1siDxruhtIUVQbPn8beQ7UPz8cufUW8pEAPi3Ku3V4otPTqF62eH79Y5fhWZkgxpdGQxsmq6DsOQ==",
      "requires": {
        "datatables.net": "1.13.7",
        "jquery": ">=1.7"
      },
      "dependencies": {
        "datatables.net": {
          "version": "1.13.7",
          "resolved": "https://registry.npmjs.org/datatables.net/-/datatables.net-1.13.7.tgz",
          "integrity": "sha512-lbmcCSrMU8VTaGwgCxWs/jbP8NVJlzXaUkK3SiiZY7tTjRp7XJw4InlOU+XUVZ4i4B2GBxue02/P5iVto1CGDg==",
          "requires": {
            "jquery": ">=1.7"
          }
        }
      }
    },
    "datatables.net-buttons": {
      "version": "2.4.2",
      "resolved": "https://registry.npmjs.org/datatables.net-buttons/-/datatables.net-buttons-2.4.2.tgz",
      "integrity": "sha512-ps88Wk6yju8hPyqIPhHZ9xhL+pAfgoiI1nZsyPswvqk84kzcqgj1nmulSSLMYNwFG8awsU8C94gF+Pf+JhDh7g==",
      "requires": {
        "datatables.net": ">=1.13.4",
        "jquery": ">=1.7"
      },
      "dependencies": {
        "datatables.net": {
          "version": "1.13.7",
          "resolved": "https://registry.npmjs.org/datatables.net/-/datatables.net-1.13.7.tgz",
          "integrity": "sha512-lbmcCSrMU8VTaGwgCxWs/jbP8NVJlzXaUkK3SiiZY7tTjRp7XJw4InlOU+XUVZ4i4B2GBxue02/P5iVto1CGDg==",
          "requires": {
            "jquery": ">=1.7"
          }
        }
      }
    },
    "datatables.net-buttons-bs4": {
      "version": "2.4.2",
      "resolved": "https://registry.npmjs.org/datatables.net-buttons-bs4/-/datatables.net-buttons-bs4-2.4.2.tgz",
      "integrity": "sha512-88hkV28w2IUeh4yvCGG6Y1KZi4DlnJXl/veY3z5BeM7Zr8tthyOl/QovuCC0jpWYfd18cpHGpSwMhFKUVPtesw==",
      "requires": {
        "datatables.net-bs4": ">=1.13.4",
        "datatables.net-buttons": ">=2.3.6",
        "jquery": ">=1.7"
      }
    },
    "datatables.net-dt": {
      "version": "1.12.1",
      "resolved": "https://registry.npmjs.org/datatables.net-dt/-/datatables.net-dt-1.12.1.tgz",
      "integrity": "sha512-HYsHbSYqOqlgsgjKMH/kkCB5455t51GmmtXRxgnDMRbjPLEIKo5CZmAlUe5mdD/RVPRtAUaj5K3SDlkEZ1bUmw==",
      "requires": {
        "datatables.net": ">=1.11.3",
        "jquery": ">=1.7"
      }
    },
    "datatables.net-select": {
      "version": "1.7.0",
      "resolved": "https://registry.npmjs.org/datatables.net-select/-/datatables.net-select-1.7.0.tgz",
      "integrity": "sha512-ps8eL8S2gUV7EdzMraw8mfQlHXpfuc8TC2onBxdk0snP8eizPe85VhpI3r4ULvPRTTI7vcViz8E7JV8aayA2lw==",
      "requires": {
        "datatables.net": ">=1.13.4",
        "jquery": ">=1.7"
      },
      "dependencies": {
        "datatables.net": {
          "version": "1.13.7",
          "resolved": "https://registry.npmjs.org/datatables.net/-/datatables.net-1.13.7.tgz",
          "integrity": "sha512-lbmcCSrMU8VTaGwgCxWs/jbP8NVJlzXaUkK3SiiZY7tTjRp7XJw4InlOU+XUVZ4i4B2GBxue02/P5iVto1CGDg==",
          "requires": {
            "jquery": ">=1.7"
          }
        }
      }
    },
    "datatables.net-select-bs4": {
      "version": "1.7.0",
      "resolved": "https://registry.npmjs.org/datatables.net-select-bs4/-/datatables.net-select-bs4-1.7.0.tgz",
      "integrity": "sha512-PAOAPVaIVxZ0FEk0BamIF4a3YVkln2swIM+be+w09OWRlUo8QXFY5LbImjZ9SdUInT7pCZfueBQh5oKSKesylg==",
      "requires": {
        "datatables.net-bs4": ">=1.13.4",
        "datatables.net-select": ">=1.6.2",
        "jquery": ">=1.7"
      }
    },
    "jquery": {
      "version": "3.6.1",
      "resolved": "https://registry.npmjs.org/jquery/-/jquery-3.6.1.tgz",
      "integrity": "sha512-opJeO4nCucVnsjiXOE+/PcCgYw9Gwpvs/a6B1LL/lQhwWwpbVEVYDZ1FokFr8PRc7ghYlrFPuyHuiiDNTQxmcw=="
    },
    "lodash": {
      "version": "4.17.21",
      "resolved": "https://registry.npmjs.org/lodash/-/lodash-4.17.21.tgz",
      "integrity": "sha512-v2kDEe57lecTulaDIuNTPy3Ry4gLGJ6Z1O3vE1krgXZNrsQ+LFTGHVxVjcXPs17LhbZVGedAJv8XZ1tvj5FvSg=="
    },
    "select2": {
      "version": "4.1.0-rc.0",
      "resolved": "https://registry.npmjs.org/select2/-/select2-4.1.0-rc.0.tgz",
      "integrity": "sha512-Hr9TdhyHCZUtwznEH2CBf7967mEM0idtJ5nMtjvk3Up5tPukOLXbHUNmh10oRfeNIhj+3GD3niu+g6sVK+gK0A=="
    }
  }
}
